
Microsoft Visual Studio Solution File, Format Version 12.00
# Visual Studio Version 16
VisualStudioVersion = 16.0.28803.352
MinimumVisualStudioVersion = 10.0.40219.1
Project("{8BC9CEB8-8B4A-11D0-8D11-00A0C91BC942}") = "COMConsoleApp", "COMConsoleApp\COMConsoleApp.vcxproj", "{C664D5A6-A516-49BE-BD1F-81FCF00CC314}"
EndProject
Project("{FAE04EC0-301F-11D3-BF4B-00C04F79EFBC}") = "ComCsConsole", "ComCsConsole\ComCsConsole.csproj", "{440D3462-C768-41D9-B1DC-FA1504416EE5}"
EndProject
Global
	GlobalSection(SolutionConfigurationPlatforms) = preSolution
		Debug|Any CPU = Debug|Any CPU
		Debug|x64 = Debug|x64
		Debug|x86 = Debug|x86
		Release|Any CPU = Release|Any CPU
		Release|x64 = Release|x64
		Release|x86 = Release|x86
	EndGlobalSection
	GlobalSection(ProjectConfigurationPlatforms) = postSolution
		{C664D5A6-A516-49BE-BD1F-81FCF00CC314}.Debug|Any CPU.ActiveCfg = Debug|Win32
		{C664D5A6-A516-49BE-BD1F-81FCF00CC314}.Debug|x64.ActiveCfg = Debug|x64
		{C664D5A6-A516-49BE-BD1F-81FCF00CC314}.Debug|x64.Build.0 = Debug|x64
		{C664D5A6-A516-49BE-BD1F-81FCF00CC314}.Debug|x86.ActiveCfg = Debug|Win32
		{C664D5A6-A516-49BE-BD1F-81FCF00CC314}.Debug|x86.Build.0 = Debug|Win32
		{C664D5A6-A516-49BE-BD1F-81FCF00CC314}.Release|Any CPU.ActiveCfg = Release|Win32
		{C664D5A6-A516-49BE-BD1F-81FCF00CC314}.Release|x64.ActiveCfg = Release|x64
		{C664D5A6-A516-49BE-BD1F-81FCF00CC314}.Release|x64.Build.0 = Release|x64
		{C664D5A6-A516-49BE-BD1F-81FCF00CC314}.Release|x86.ActiveCfg = Release|Win32
		{C664D5A6-A516-49BE-BD1F-81FCF00CC314}.Release|x86.Build.0 = Release|Win32
		{440D3462-C768-41D9-B1DC-FA1504416EE5}.Debug|Any CPU.ActiveCfg = Debug|Any CPU
		{440D3462-C768-41D9-B1DC-FA1504416EE5}.Debug|Any CPU.Build.0 = Debug|Any CPU
		{440D3462-C768-41D9-B1DC-FA1504416EE5}.Debug|x64.ActiveCfg = Debug|Any CPU
		{440D3462-C768-41D9-B1DC-FA1504416EE5}.Debug|x64.Build.0 = Debug|Any CPU
		{440D3462-C768-41D9-B1DC-FA1504416EE5}.Debug|x86.ActiveCfg = Debug|Any CPU
		{440D3462-C768-41D9-B1DC-FA1504416EE5}.Debug|x86.Build.0 = Debug|Any CPU
		{440D3462-C768-41D9-B1DC-FA1504416EE5}.Release|Any CPU.ActiveCfg = Release|Any CPU
		{440D3462-C768-41D9-B1DC-FA1504416EE5}.Release|Any CPU.Build.0 = Release|Any CPU
		{440D3462-C768-41D9-B1DC-FA1504416EE5}.Release|x64.ActiveCfg = Release|Any CPU
		{440D3462-C768-41D9-B1DC-FA1504416EE5}.Release|x64.Build.0 = Release|Any CPU
		{440D3462-C768-41D9-B1DC-FA1504416EE5}.Release|x86.ActiveCfg = Release|Any CPU
		{440D3462-C768-41D9-B1DC-FA1504416EE5}.Release|x86.Build.0 = Release|Any CPU
	EndGlobalSection
	GlobalSection(SolutionProperties) = preSolution
		HideSolutionNode = FALSE
	EndGlobalSection
	GlobalSection(ExtensibilityGlobals) = postSolution
		SolutionGuid = {79E04F10-451D-4FF5-B850-E76954E44EEC}
	EndGlobalSection
EndGlobal
